// !$*UTF8*$!
{
	archiveVersion = 1;
	classes = {
	};
	objectVersion = 50;
	objects = {

/* Begin PBXBuildFile section */
		0A5215532D4B3E750086CA2D /* AppDelegate.swift in Sources */ = {isa = PBXBuildFile; fileRef = 0A5215522D4B3E750086CA2D /* AppDelegate.swift */; };
		0A5215552D4B3E750086CA2D /* SceneDelegate.swift in Sources */ = {isa = PBXBuildFile; fileRef = 0A5215542D4B3E750086CA2D /* SceneDelegate.swift */; };
		0A5215572D4B3E750086CA2D /* ViewController.swift in Sources */ = {isa = PBXBuildFile; fileRef = 0A5215562D4B3E750086CA2D /* ViewController.swift */; };
		0A52155C2D4B3E770086CA2D /* Assets.xcassets in Resources */ = {isa = PBXBuildFile; fileRef = 0A52155B2D4B3E770086CA2D /* Assets.xcassets */; };
		0A52156C2D4B411D0086CA2D /* LoginViewController.swift in Sources */ = {isa = PBXBuildFile; fileRef = 0A52156B2D4B411D0086CA2D /* LoginViewController.swift */; };
		0A52157B2D4B4D0A0086CA2D /* PokedexViewController.swift in Sources */ = {isa = PBXBuildFile; fileRef = 0A52157A2D4B4D0A0086CA2D /* PokedexViewController.swift */; };
		0A52157F2D4B4D1E0086CA2D /* PokedexViewModel.swift in Sources */ = {isa = PBXBuildFile; fileRef = 0A52157E2D4B4D1E0086CA2D /* PokedexViewModel.swift */; };
		0A5215822D4B4D3D0086CA2D /* LoginViewModel.swift in Sources */ = {isa = PBXBuildFile; fileRef = 0A5215812D4B4D3D0086CA2D /* LoginViewModel.swift */; };
		0A5215852D4B4D4D0086CA2D /* LoginCoordinator.swift in Sources */ = {isa = PBXBuildFile; fileRef = 0A5215842D4B4D4D0086CA2D /* LoginCoordinator.swift */; };
		0A52158E2D4B4E4B0086CA2D /* GetPokemonListUseCase.swift in Sources */ = {isa = PBXBuildFile; fileRef = 0A52158D2D4B4E4B0086CA2D /* GetPokemonListUseCase.swift */; };
		0A5215912D4B4E6D0086CA2D /* PokemonAPI.swift in Sources */ = {isa = PBXBuildFile; fileRef = 0A5215902D4B4E6D0086CA2D /* PokemonAPI.swift */; };
		0A5215942D4B4E840086CA2D /* PokemonRepository.swift in Sources */ = {isa = PBXBuildFile; fileRef = 0A5215932D4B4E840086CA2D /* PokemonRepository.swift */; };
		0A5215972D4B4E950086CA2D /* NetworkManager.swift in Sources */ = {isa = PBXBuildFile; fileRef = 0A5215962D4B4E950086CA2D /* NetworkManager.swift */; };
		0A5544BC2D512B9100DB33B3 /* LocationViewController.swift in Sources */ = {isa = PBXBuildFile; fileRef = 0A5544BB2D512B9100DB33B3 /* LocationViewController.swift */; };
		0A5544C32D51339500DB33B3 /* EncounterArea.swift in Sources */ = {isa = PBXBuildFile; fileRef = 0A5544C22D51339500DB33B3 /* EncounterArea.swift */; };
		9E16E8D02D5169D60039FD60 /* Test.swift in Sources */ = {isa = PBXBuildFile; fileRef = 9E16E8CF2D5169D60039FD60 /* Test.swift */; };
		9EBC69822D4EA79B00E13CB3 /* PokemonListResponse.swift in Sources */ = {isa = PBXBuildFile; fileRef = 9EBC69812D4EA79B00E13CB3 /* PokemonListResponse.swift */; };
		9EBC69862D4EB61E00E13CB3 /* PokemonCell.swift in Sources */ = {isa = PBXBuildFile; fileRef = 9EBC69852D4EB61E00E13CB3 /* PokemonCell.swift */; };
		9EBC69882D4EBF6B00E13CB3 /* PokemonDetail.swift in Sources */ = {isa = PBXBuildFile; fileRef = 9EBC69872D4EBF6B00E13CB3 /* PokemonDetail.swift */; };
		9EBC698A2D4EBFC200E13CB3 /* PokemonDetailViewModel.swift in Sources */ = {isa = PBXBuildFile; fileRef = 9EBC69892D4EBFC200E13CB3 /* PokemonDetailViewModel.swift */; };
		9EBC698F2D4EC58400E13CB3 /* GetPokemonDetailUseCase.swift in Sources */ = {isa = PBXBuildFile; fileRef = 9EBC698E2D4EC58400E13CB3 /* GetPokemonDetailUseCase.swift */; };
		9EBC69912D4EEBE600E13CB3 /* PokemonDetailViewController.swift in Sources */ = {isa = PBXBuildFile; fileRef = 9EBC69902D4EEBE600E13CB3 /* PokemonDetailViewController.swift */; };
/* End PBXBuildFile section */

/* Begin PBXFileReference section */
		0A52154F2D4B3E750086CA2D /* Pokedex1Gen.app */ = {isa = PBXFileReference; explicitFileType = wrapper.application; includeInIndex = 0; path = Pokedex1Gen.app; sourceTree = BUILT_PRODUCTS_DIR; };
		0A5215522D4B3E750086CA2D /* AppDelegate.swift */ = {isa = PBXFileReference; lastKnownFileType = sourcecode.swift; path = AppDelegate.swift; sourceTree = "<group>"; };
		0A5215542D4B3E750086CA2D /* SceneDelegate.swift */ = {isa = PBXFileReference; lastKnownFileType = sourcecode.swift; path = SceneDelegate.swift; sourceTree = "<group>"; };
		0A5215562D4B3E750086CA2D /* ViewController.swift */ = {isa = PBXFileReference; lastKnownFileType = sourcecode.swift; path = ViewController.swift; sourceTree = "<group>"; };
		0A52155B2D4B3E770086CA2D /* Assets.xcassets */ = {isa = PBXFileReference; lastKnownFileType = folder.assetcatalog; path = Assets.xcassets; sourceTree = "<group>"; };
		0A5215602D4B3E770086CA2D /* Info.plist */ = {isa = PBXFileReference; lastKnownFileType = text.plist.xml; path = Info.plist; sourceTree = "<group>"; };
		0A52156B2D4B411D0086CA2D /* LoginViewController.swift */ = {isa = PBXFileReference; lastKnownFileType = sourcecode.swift; path = LoginViewController.swift; sourceTree = "<group>"; };
		0A52157A2D4B4D0A0086CA2D /* PokedexViewController.swift */ = {isa = PBXFileReference; lastKnownFileType = sourcecode.swift; path = PokedexViewController.swift; sourceTree = "<group>"; };
		0A52157E2D4B4D1E0086CA2D /* PokedexViewModel.swift */ = {isa = PBXFileReference; lastKnownFileType = sourcecode.swift; path = PokedexViewModel.swift; sourceTree = "<group>"; };
		0A5215812D4B4D3D0086CA2D /* LoginViewModel.swift */ = {isa = PBXFileReference; lastKnownFileType = sourcecode.swift; path = LoginViewModel.swift; sourceTree = "<group>"; };
		0A5215842D4B4D4D0086CA2D /* LoginCoordinator.swift */ = {isa = PBXFileReference; lastKnownFileType = sourcecode.swift; path = LoginCoordinator.swift; sourceTree = "<group>"; };
		0A52158D2D4B4E4B0086CA2D /* GetPokemonListUseCase.swift */ = {isa = PBXFileReference; lastKnownFileType = sourcecode.swift; path = GetPokemonListUseCase.swift; sourceTree = "<group>"; };
		0A5215902D4B4E6D0086CA2D /* PokemonAPI.swift */ = {isa = PBXFileReference; lastKnownFileType = sourcecode.swift; path = PokemonAPI.swift; sourceTree = "<group>"; };
		0A5215932D4B4E840086CA2D /* PokemonRepository.swift */ = {isa = PBXFileReference; lastKnownFileType = sourcecode.swift; path = PokemonRepository.swift; sourceTree = "<group>"; };
		0A5215962D4B4E950086CA2D /* NetworkManager.swift */ = {isa = PBXFileReference; lastKnownFileType = sourcecode.swift; path = NetworkManager.swift; sourceTree = "<group>"; };
		0A5544BB2D512B9100DB33B3 /* LocationViewController.swift */ = {isa = PBXFileReference; lastKnownFileType = sourcecode.swift; path = LocationViewController.swift; sourceTree = "<group>"; };
		0A5544C22D51339500DB33B3 /* EncounterArea.swift */ = {isa = PBXFileReference; lastKnownFileType = sourcecode.swift; path = EncounterArea.swift; sourceTree = "<group>"; };
		9E16E8CF2D5169D60039FD60 /* Test.swift */ = {isa = PBXFileReference; lastKnownFileType = sourcecode.swift; path = Test.swift; sourceTree = "<group>"; };
		9EBC69812D4EA79B00E13CB3 /* PokemonListResponse.swift */ = {isa = PBXFileReference; lastKnownFileType = sourcecode.swift; path = PokemonListResponse.swift; sourceTree = "<group>"; };
		9EBC69852D4EB61E00E13CB3 /* PokemonCell.swift */ = {isa = PBXFileReference; lastKnownFileType = sourcecode.swift; path = PokemonCell.swift; sourceTree = "<group>"; };
		9EBC69872D4EBF6B00E13CB3 /* PokemonDetail.swift */ = {isa = PBXFileReference; lastKnownFileType = sourcecode.swift; path = PokemonDetail.swift; sourceTree = "<group>"; };
		9EBC69892D4EBFC200E13CB3 /* PokemonDetailViewModel.swift */ = {isa = PBXFileReference; lastKnownFileType = sourcecode.swift; path = PokemonDetailViewModel.swift; sourceTree = "<group>"; };
		9EBC698E2D4EC58400E13CB3 /* GetPokemonDetailUseCase.swift */ = {isa = PBXFileReference; lastKnownFileType = sourcecode.swift; path = GetPokemonDetailUseCase.swift; sourceTree = "<group>"; };
		9EBC69902D4EEBE600E13CB3 /* PokemonDetailViewController.swift */ = {isa = PBXFileReference; lastKnownFileType = sourcecode.swift; path = PokemonDetailViewController.swift; sourceTree = "<group>"; };
/* End PBXFileReference section */

/* Begin PBXFrameworksBuildPhase section */
		0A52154C2D4B3E750086CA2D /* Frameworks */ = {
			isa = PBXFrameworksBuildPhase;
			buildActionMask = 2147483647;
			files = (
			);
			runOnlyForDeploymentPostprocessing = 0;
		};
/* End PBXFrameworksBuildPhase section */

/* Begin PBXGroup section */
		0A5215462D4B3E750086CA2D = {
			isa = PBXGroup;
			children = (
				0A5215512D4B3E750086CA2D /* Pokedex1Gen */,
				0A5215502D4B3E750086CA2D /* Products */,
			);
			sourceTree = "<group>";
		};
		0A5215502D4B3E750086CA2D /* Products */ = {
			isa = PBXGroup;
			children = (
				0A52154F2D4B3E750086CA2D /* Pokedex1Gen.app */,
			);
			name = Products;
			sourceTree = "<group>";
		};
		0A5215512D4B3E750086CA2D /* Pokedex1Gen */ = {
			isa = PBXGroup;
			children = (
				0A5215732D4B4BFE0086CA2D /* Presentation */,
				0A5215752D4B4C3A0086CA2D /* Domain */,
				0A5215762D4B4C410086CA2D /* Data */,
				0A5215772D4B4C4D0086CA2D /* Core */,
				0A5215542D4B3E750086CA2D /* SceneDelegate.swift */,
				0A5215522D4B3E750086CA2D /* AppDelegate.swift */,
				0A5215602D4B3E770086CA2D /* Info.plist */,
				0A5215562D4B3E750086CA2D /* ViewController.swift */,
				0A52155B2D4B3E770086CA2D /* Assets.xcassets */,
			);
			path = Pokedex1Gen;
			sourceTree = "<group>";
		};
		0A5215692D4B40BA0086CA2D /* Login */ = {
			isa = PBXGroup;
			children = (
				0A52156B2D4B411D0086CA2D /* LoginViewController.swift */,
				0A5215812D4B4D3D0086CA2D /* LoginViewModel.swift */,
				0A5215842D4B4D4D0086CA2D /* LoginCoordinator.swift */,
			);
			path = Login;
			sourceTree = "<group>";
		};
		0A5215732D4B4BFE0086CA2D /* Presentation */ = {
			isa = PBXGroup;
			children = (
				0A5544BA2D512B6900DB33B3 /* Locations */,
				9EBC698D2D4EC48E00E13CB3 /* Pokemon */,
				0A5215742D4B4C1E0086CA2D /* Pokedex */,
				0A5215692D4B40BA0086CA2D /* Login */,
				9E16E8CF2D5169D60039FD60 /* Test.swift */,
			);
			path = Presentation;
			sourceTree = "<group>";
		};
		0A5215742D4B4C1E0086CA2D /* Pokedex */ = {
			isa = PBXGroup;
			children = (
				0A52157A2D4B4D0A0086CA2D /* PokedexViewController.swift */,
				0A52157E2D4B4D1E0086CA2D /* PokedexViewModel.swift */,
				9EBC69852D4EB61E00E13CB3 /* PokemonCell.swift */,
			);
			path = Pokedex;
			sourceTree = "<group>";
		};
		0A5215752D4B4C3A0086CA2D /* Domain */ = {
			isa = PBXGroup;
			children = (
				0A5215872D4B4DC30086CA2D /* Entities */,
				0A5215882D4B4DD40086CA2D /* UseCases */,
			);
			path = Domain;
			sourceTree = "<group>";
		};
		0A5215762D4B4C410086CA2D /* Data */ = {
			isa = PBXGroup;
			children = (
				0A5215782D4B4CAE0086CA2D /* API */,
				0A5215792D4B4CB80086CA2D /* Repository */,
			);
			path = Data;
			sourceTree = "<group>";
		};
		0A5215772D4B4C4D0086CA2D /* Core */ = {
			isa = PBXGroup;
			children = (
				0A5215962D4B4E950086CA2D /* NetworkManager.swift */,
			);
			path = Core;
			sourceTree = "<group>";
		};
		0A5215782D4B4CAE0086CA2D /* API */ = {
			isa = PBXGroup;
			children = (
				0A5215902D4B4E6D0086CA2D /* PokemonAPI.swift */,
			);
			path = API;
			sourceTree = "<group>";
		};
		0A5215792D4B4CB80086CA2D /* Repository */ = {
			isa = PBXGroup;
			children = (
				0A5215932D4B4E840086CA2D /* PokemonRepository.swift */,
			);
			path = Repository;
			sourceTree = "<group>";
		};
		0A5215872D4B4DC30086CA2D /* Entities */ = {
			isa = PBXGroup;
			children = (
				9EBC69812D4EA79B00E13CB3 /* PokemonListResponse.swift */,
				9EBC69872D4EBF6B00E13CB3 /* PokemonDetail.swift */,
				0A5544C22D51339500DB33B3 /* EncounterArea.swift */,
			);
			path = Entities;
			sourceTree = "<group>";
		};
		0A5215882D4B4DD40086CA2D /* UseCases */ = {
			isa = PBXGroup;
			children = (
				0A52158D2D4B4E4B0086CA2D /* GetPokemonListUseCase.swift */,
				9EBC698E2D4EC58400E13CB3 /* GetPokemonDetailUseCase.swift */,
			);
			path = UseCases;
			sourceTree = "<group>";
		};
		0A5544BA2D512B6900DB33B3 /* Locations */ = {
			isa = PBXGroup;
			children = (
				0A5544BB2D512B9100DB33B3 /* LocationViewController.swift */,
			);
			path = Locations;
			sourceTree = "<group>";
		};
		9EBC698D2D4EC48E00E13CB3 /* Pokemon */ = {
			isa = PBXGroup;
			children = (
				9EBC69892D4EBFC200E13CB3 /* PokemonDetailViewModel.swift */,
				9EBC69902D4EEBE600E13CB3 /* PokemonDetailViewController.swift */,
			);
			path = Pokemon;
			sourceTree = "<group>";
		};
/* End PBXGroup section */

/* Begin PBXNativeTarget section */
		0A52154E2D4B3E750086CA2D /* Pokedex1Gen */ = {
			isa = PBXNativeTarget;
			buildConfigurationList = 0A5215632D4B3E770086CA2D /* Build configuration list for PBXNativeTarget "Pokedex1Gen" */;
			buildPhases = (
				0A52154B2D4B3E750086CA2D /* Sources */,
				0A52154C2D4B3E750086CA2D /* Frameworks */,
				0A52154D2D4B3E750086CA2D /* Resources */,
			);
			buildRules = (
			);
			dependencies = (
			);
			name = Pokedex1Gen;
			productName = Pokedex1Gen;
			productReference = 0A52154F2D4B3E750086CA2D /* Pokedex1Gen.app */;
			productType = "com.apple.product-type.application";
		};
/* End PBXNativeTarget section */

/* Begin PBXProject section */
		0A5215472D4B3E750086CA2D /* Project object */ = {
			isa = PBXProject;
			attributes = {
				LastSwiftUpdateCheck = 1240;
				LastUpgradeCheck = 1240;
				TargetAttributes = {
					0A52154E2D4B3E750086CA2D = {
						CreatedOnToolsVersion = 12.4;
					};
				};
			};
			buildConfigurationList = 0A52154A2D4B3E750086CA2D /* Build configuration list for PBXProject "Pokedex1Gen" */;
			compatibilityVersion = "Xcode 9.3";
			developmentRegion = en;
			hasScannedForEncodings = 0;
			knownRegions = (
				en,
				Base,
			);
			mainGroup = 0A5215462D4B3E750086CA2D;
			productRefGroup = 0A5215502D4B3E750086CA2D /* Products */;
			projectDirPath = "";
			projectRoot = "";
			targets = (
				0A52154E2D4B3E750086CA2D /* Pokedex1Gen */,
			);
		};
/* End PBXProject section */

/* Begin PBXResourcesBuildPhase section */
		0A52154D2D4B3E750086CA2D /* Resources */ = {
			isa = PBXResourcesBuildPhase;
			buildActionMask = 2147483647;
			files = (
				0A52155C2D4B3E770086CA2D /* Assets.xcassets in Resources */,
			);
			runOnlyForDeploymentPostprocessing = 0;
		};
/* End PBXResourcesBuildPhase section */

/* Begin PBXSourcesBuildPhase section */
		0A52154B2D4B3E750086CA2D /* Sources */ = {
			isa = PBXSourcesBuildPhase;
			buildActionMask = 2147483647;
			files = (
				0A52156C2D4B411D0086CA2D /* LoginViewController.swift in Sources */,
				0A5215572D4B3E750086CA2D /* ViewController.swift in Sources */,
				0A5215912D4B4E6D0086CA2D /* PokemonAPI.swift in Sources */,
				0A5215972D4B4E950086CA2D /* NetworkManager.swift in Sources */,
				0A52157B2D4B4D0A0086CA2D /* PokedexViewController.swift in Sources */,
				9EBC69862D4EB61E00E13CB3 /* PokemonCell.swift in Sources */,
				0A52157F2D4B4D1E0086CA2D /* PokedexViewModel.swift in Sources */,
				0A5544BC2D512B9100DB33B3 /* LocationViewController.swift in Sources */,
				9EBC69882D4EBF6B00E13CB3 /* PokemonDetail.swift in Sources */,
				0A52158E2D4B4E4B0086CA2D /* GetPokemonListUseCase.swift in Sources */,
				9EBC69822D4EA79B00E13CB3 /* PokemonListResponse.swift in Sources */,
				0A5215532D4B3E750086CA2D /* AppDelegate.swift in Sources */,
				0A5215552D4B3E750086CA2D /* SceneDelegate.swift in Sources */,
				0A5215852D4B4D4D0086CA2D /* LoginCoordinator.swift in Sources */,
				0A5215822D4B4D3D0086CA2D /* LoginViewModel.swift in Sources */,
				0A5215942D4B4E840086CA2D /* PokemonRepository.swift in Sources */,
				9EBC698A2D4EBFC200E13CB3 /* PokemonDetailViewModel.swift in Sources */,
				9E16E8D02D5169D60039FD60 /* Test.swift in Sources */,
				9EBC698F2D4EC58400E13CB3 /* GetPokemonDetailUseCase.swift in Sources */,
				0A5544C32D51339500DB33B3 /* EncounterArea.swift in Sources */,
				9EBC69912D4EEBE600E13CB3 /* PokemonDetailViewController.swift in Sources */,
			);
			runOnlyForDeploymentPostprocessing = 0;
		};
/* End PBXSourcesBuildPhase section */

/* Begin XCBuildConfiguration section */
		0A5215612D4B3E770086CA2D /* Debug */ = {
			isa = XCBuildConfiguration;
			buildSettings = {
				ALWAYS_SEARCH_USER_PATHS = NO;
				CLANG_ANALYZER_NONNULL = YES;
				CLANG_ANALYZER_NUMBER_OBJECT_CONVERSION = YES_AGGRESSIVE;
				CLANG_CXX_LANGUAGE_STANDARD = "gnu++14";
				CLANG_CXX_LIBRARY = "libc++";
				CLANG_ENABLE_MODULES = YES;
				CLANG_ENABLE_OBJC_ARC = YES;
				CLANG_ENABLE_OBJC_WEAK = YES;
				CLANG_WARN_BLOCK_CAPTURE_AUTORELEASING = YES;
				CLANG_WARN_BOOL_CONVERSION = YES;
				CLANG_WARN_COMMA = YES;
				CLANG_WARN_CONSTANT_CONVERSION = YES;
				CLANG_WARN_DEPRECATED_OBJC_IMPLEMENTATIONS = YES;
				CLANG_WARN_DIRECT_OBJC_ISA_USAGE = YES_ERROR;
				CLANG_WARN_DOCUMENTATION_COMMENTS = YES;
				CLANG_WARN_EMPTY_BODY = YES;
				CLANG_WARN_ENUM_CONVERSION = YES;
				CLANG_WARN_INFINITE_RECURSION = YES;
				CLANG_WARN_INT_CONVERSION = YES;
				CLANG_WARN_NON_LITERAL_NULL_CONVERSION = YES;
				CLANG_WARN_OBJC_IMPLICIT_RETAIN_SELF = YES;
				CLANG_WARN_OBJC_LITERAL_CONVERSION = YES;
				CLANG_WARN_OBJC_ROOT_CLASS = YES_ERROR;
				CLANG_WARN_QUOTED_INCLUDE_IN_FRAMEWORK_HEADER = YES;
				CLANG_WARN_RANGE_LOOP_ANALYSIS = YES;
				CLANG_WARN_STRICT_PROTOTYPES = YES;
				CLANG_WARN_SUSPICIOUS_MOVE = YES;
				CLANG_WARN_UNGUARDED_AVAILABILITY = YES_AGGRESSIVE;
				CLANG_WARN_UNREACHABLE_CODE = YES;
				CLANG_WARN__DUPLICATE_METHOD_MATCH = YES;
				COPY_PHASE_STRIP = NO;
				DEBUG_INFORMATION_FORMAT = dwarf;
				ENABLE_STRICT_OBJC_MSGSEND = YES;
				ENABLE_TESTABILITY = YES;
				GCC_C_LANGUAGE_STANDARD = gnu11;
				GCC_DYNAMIC_NO_PIC = NO;
				GCC_NO_COMMON_BLOCKS = YES;
				GCC_OPTIMIZATION_LEVEL = 0;
				GCC_PREPROCESSOR_DEFINITIONS = (
					"DEBUG=1",
					"$(inherited)",
				);
				GCC_WARN_64_TO_32_BIT_CONVERSION = YES;
				GCC_WARN_ABOUT_RETURN_TYPE = YES_ERROR;
				GCC_WARN_UNDECLARED_SELECTOR = YES;
				GCC_WARN_UNINITIALIZED_AUTOS = YES_AGGRESSIVE;
				GCC_WARN_UNUSED_FUNCTION = YES;
				GCC_WARN_UNUSED_VARIABLE = YES;
				IPHONEOS_DEPLOYMENT_TARGET = 14.4;
				MTL_ENABLE_DEBUG_INFO = INCLUDE_SOURCE;
				MTL_FAST_MATH = YES;
				ONLY_ACTIVE_ARCH = YES;
				SDKROOT = iphoneos;
				SWIFT_ACTIVE_COMPILATION_CONDITIONS = DEBUG;
				SWIFT_OPTIMIZATION_LEVEL = "-Onone";
			};
			name = Debug;
		};
		0A5215622D4B3E770086CA2D /* Release */ = {
			isa = XCBuildConfiguration;
			buildSettings = {
				ALWAYS_SEARCH_USER_PATHS = NO;
				CLANG_ANALYZER_NONNULL = YES;
				CLANG_ANALYZER_NUMBER_OBJECT_CONVERSION = YES_AGGRESSIVE;
				CLANG_CXX_LANGUAGE_STANDARD = "gnu++14";
				CLANG_CXX_LIBRARY = "libc++";
				CLANG_ENABLE_MODULES = YES;
				CLANG_ENABLE_OBJC_ARC = YES;
				CLANG_ENABLE_OBJC_WEAK = YES;
				CLANG_WARN_BLOCK_CAPTURE_AUTORELEASING = YES;
				CLANG_WARN_BOOL_CONVERSION = YES;
				CLANG_WARN_COMMA = YES;
				CLANG_WARN_CONSTANT_CONVERSION = YES;
				CLANG_WARN_DEPRECATED_OBJC_IMPLEMENTATIONS = YES;
				CLANG_WARN_DIRECT_OBJC_ISA_USAGE = YES_ERROR;
				CLANG_WARN_DOCUMENTATION_COMMENTS = YES;
				CLANG_WARN_EMPTY_BODY = YES;
				CLANG_WARN_ENUM_CONVERSION = YES;
				CLANG_WARN_INFINITE_RECURSION = YES;
				CLANG_WARN_INT_CONVERSION = YES;
				CLANG_WARN_NON_LITERAL_NULL_CONVERSION = YES;
				CLANG_WARN_OBJC_IMPLICIT_RETAIN_SELF = YES;
				CLANG_WARN_OBJC_LITERAL_CONVERSION = YES;
				CLANG_WARN_OBJC_ROOT_CLASS = YES_ERROR;
				CLANG_WARN_QUOTED_INCLUDE_IN_FRAMEWORK_HEADER = YES;
				CLANG_WARN_RANGE_LOOP_ANALYSIS = YES;
				CLANG_WARN_STRICT_PROTOTYPES = YES;
				CLANG_WARN_SUSPICIOUS_MOVE = YES;
				CLANG_WARN_UNGUARDED_AVAILABILITY = YES_AGGRESSIVE;
				CLANG_WARN_UNREACHABLE_CODE = YES;
				CLANG_WARN__DUPLICATE_METHOD_MATCH = YES;
				COPY_PHASE_STRIP = NO;
				DEBUG_INFORMATION_FORMAT = "dwarf-with-dsym";
				ENABLE_NS_ASSERTIONS = NO;
				ENABLE_STRICT_OBJC_MSGSEND = YES;
				GCC_C_LANGUAGE_STANDARD = gnu11;
				GCC_NO_COMMON_BLOCKS = YES;
				GCC_WARN_64_TO_32_BIT_CONVERSION = YES;
				GCC_WARN_ABOUT_RETURN_TYPE = YES_ERROR;
				GCC_WARN_UNDECLARED_SELECTOR = YES;
				GCC_WARN_UNINITIALIZED_AUTOS = YES_AGGRESSIVE;
				GCC_WARN_UNUSED_FUNCTION = YES;
				GCC_WARN_UNUSED_VARIABLE = YES;
				IPHONEOS_DEPLOYMENT_TARGET = 14.4;
				MTL_ENABLE_DEBUG_INFO = NO;
				MTL_FAST_MATH = YES;
				SDKROOT = iphoneos;
				SWIFT_COMPILATION_MODE = wholemodule;
				SWIFT_OPTIMIZATION_LEVEL = "-O";
				VALIDATE_PRODUCT = YES;
			};
			name = Release;
		};
		0A5215642D4B3E770086CA2D /* Debug */ = {
			isa = XCBuildConfiguration;
			buildSettings = {
				ASSETCATALOG_COMPILER_APPICON_NAME = AppIcon;
				ASSETCATALOG_COMPILER_GLOBAL_ACCENT_COLOR_NAME = AccentColor;
				CODE_SIGN_STYLE = Automatic;
				DEVELOPMENT_TEAM = 98RJMC2YX3;
				INFOPLIST_FILE = Pokedex1Gen/Info.plist;
				LD_RUNPATH_SEARCH_PATHS = (
					"$(inherited)",
					"@executable_path/Frameworks",
				);
				PRODUCT_BUNDLE_IDENTIFIER = com.rsc.Pokedex1Gen;
				PRODUCT_NAME = "$(TARGET_NAME)";
				SWIFT_VERSION = 5.0;
				TARGETED_DEVICE_FAMILY = "1,2";
			};
			name = Debug;
		};
		0A5215652D4B3E770086CA2D /* Release */ = {
			isa = XCBuildConfiguration;
			buildSettings = {
				ASSETCATALOG_COMPILER_APPICON_NAME = AppIcon;
				ASSETCATALOG_COMPILER_GLOBAL_ACCENT_COLOR_NAME = AccentColor;
				CODE_SIGN_STYLE = Automatic;
				DEVELOPMENT_TEAM = 98RJMC2YX3;
				INFOPLIST_FILE = Pokedex1Gen/Info.plist;
				LD_RUNPATH_SEARCH_PATHS = (
					"$(inherited)",
					"@executable_path/Frameworks",
				);
				PRODUCT_BUNDLE_IDENTIFIER = com.rsc.Pokedex1Gen;
				PRODUCT_NAME = "$(TARGET_NAME)";
				SWIFT_VERSION = 5.0;
				TARGETED_DEVICE_FAMILY = "1,2";
			};
			name = Release;
		};
/* End XCBuildConfiguration section */

/* Begin XCConfigurationList section */
		0A52154A2D4B3E750086CA2D /* Build configuration list for PBXProject "Pokedex1Gen" */ = {
			isa = XCConfigurationList;
			buildConfigurations = (
				0A5215612D4B3E770086CA2D /* Debug */,
				0A5215622D4B3E770086CA2D /* Release */,
			);
			defaultConfigurationIsVisible = 0;
			defaultConfigurationName = Release;
		};
		0A5215632D4B3E770086CA2D /* Build configuration list for PBXNativeTarget "Pokedex1Gen" */ = {
			isa = XCConfigurationList;
			buildConfigurations = (
				0A5215642D4B3E770086CA2D /* Debug */,
				0A5215652D4B3E770086CA2D /* Release */,
			);
			defaultConfigurationIsVisible = 0;
			defaultConfigurationName = Release;
		};
/* End XCConfigurationList section */
	};
	rootObject = 0A5215472D4B3E750086CA2D /* Project object */;
}
